
Microsoft Visual Studio Solution File, Format Version 12.00
# Visual Studio Version 17
VisualStudioVersion = 17.11.35312.102
MinimumVisualStudioVersion = 10.0.40219.1
Project("{2150E333-8FDC-42A3-9474-1A3956D46DE8}") = "Task 0", "Task 0", "{0826E279-4CFA-4C95-8732-C8EB018D0705}"
EndProject
Project("{9A19103F-16F7-4668-BE54-9A1E7A4F7556}") = "Tyuiu.MironenkoSE.Sprint3.Task0.V23.Lib", "Tyuiu.MironenkoSE.Sprint3.Task0.V23.Lib\Tyuiu.MironenkoSE.Sprint3.Task0.V23.Lib.csproj", "{5214F86C-5A5C-4ACE-B556-E4732F2FC670}"
EndProject
Project("{9A19103F-16F7-4668-BE54-9A1E7A4F7556}") = "Tyuiu.MironenkoSE.Sprint3.Task0.V23", "Tyuiu.MironenkoSE.Sprint3.Task0.V23\Tyuiu.MironenkoSE.Sprint3.Task0.V23.csproj", "{DDF6AE77-1C96-4672-BA86-3CC13373F08B}"
EndProject
Project("{9A19103F-16F7-4668-BE54-9A1E7A4F7556}") = "Tyuiu.MironenkoSE.Sprint3.Task0.V23.Test", "Tyuiu.MironenkoSE.Sprint3.Task0.V23.Test\Tyuiu.MironenkoSE.Sprint3.Task0.V23.Test.csproj", "{0D2C4712-17EC-4050-90BA-3F88F861A870}"
EndProject
Project("{2150E333-8FDC-42A3-9474-1A3956D46DE8}") = "Task 1", "Task 1", "{C24EE2A8-C63B-45DC-B81C-90C0B353C24A}"
EndProject
Project("{9A19103F-16F7-4668-BE54-9A1E7A4F7556}") = "Tyuiu.MironenkoSE.Sprint3.Task1.V20.Test", "Tyuiu.MironenkoSE.Sprint3.Task1.V20.Test\Tyuiu.MironenkoSE.Sprint3.Task1.V20.Test.csproj", "{8DFFF6A2-6366-4E95-AC98-EC30730CDA15}"
EndProject
Project("{9A19103F-16F7-4668-BE54-9A1E7A4F7556}") = "Tyuiu.MironenkoSE.Sprint3.Task1.V20", "Tyuiu.MironenkoSE.Sprint3.Task1.V20\Tyuiu.MironenkoSE.Sprint3.Task1.V20.csproj", "{83711AC5-93A8-4A47-91C0-F4E071AB5309}"
EndProject
Project("{9A19103F-16F7-4668-BE54-9A1E7A4F7556}") = "Tyuiu.MironenkoSE.Sprint3.Task1.V20.Lib", "Tyuiu.MironenkoSE.Sprint3.Task1.V20.Lib\Tyuiu.MironenkoSE.Sprint3.Task1.V20.Lib.csproj", "{314A8037-2466-44D7-AEAA-A063C002264E}"
EndProject
Project("{2150E333-8FDC-42A3-9474-1A3956D46DE8}") = "Task 2", "Task 2", "{4724840B-E389-4264-BF62-71062B2F3A62}"
EndProject
Project("{2150E333-8FDC-42A3-9474-1A3956D46DE8}") = "Task 3", "Task 3", "{0F41C2BC-540B-41CD-AB58-F849ABA84EAB}"
EndProject
Project("{9A19103F-16F7-4668-BE54-9A1E7A4F7556}") = "Tyuiu.MironenkoSE.Sprint3.Task2.V23.Lib", "Tyuiu.MironenkoSE.Sprint3.Task2.V23.Lib\Tyuiu.MironenkoSE.Sprint3.Task2.V23.Lib.csproj", "{45CC5F24-3839-4D41-A691-5CA70D86FACE}"
EndProject
Project("{9A19103F-16F7-4668-BE54-9A1E7A4F7556}") = "Tyuiu.MironenkoSE.Sprint3.Task2.V23", "Tyuiu.MironenkoSE.Sprint3.Task2.V23\Tyuiu.MironenkoSE.Sprint3.Task2.V23.csproj", "{7D3BB808-44E5-49FC-B8E3-1B3CDCF457EE}"
EndProject
Project("{9A19103F-16F7-4668-BE54-9A1E7A4F7556}") = "Tyuiu.MironenkoSE.Sprint3.Task2.V23.Test", "Tyuiu.MironenkoSE.Sprint3.Task2.V23.Test\Tyuiu.MironenkoSE.Sprint3.Task2.V23.Test.csproj", "{E376067D-74C8-4467-84D0-CFB27BAB5195}"
EndProject
Project("{9A19103F-16F7-4668-BE54-9A1E7A4F7556}") = "Tyuiu.MironenkoSE.Sprint3.Task3.V10.Test", "Tyuiu.MironenkoSE.Sprint3.Task3.V10.Test\Tyuiu.MironenkoSE.Sprint3.Task3.V10.Test.csproj", "{2D0F149A-84BE-47AC-8A39-6CDA34093A91}"
EndProject
Project("{9A19103F-16F7-4668-BE54-9A1E7A4F7556}") = "Tyuiu.MironenkoSE.Sprint3.Task3.V10", "Tyuiu.MironenkoSE.Sprint3.Task3.V10\Tyuiu.MironenkoSE.Sprint3.Task3.V10.csproj", "{7EE1DFFC-4139-43B1-8B6A-48908C5F3086}"
EndProject
Project("{9A19103F-16F7-4668-BE54-9A1E7A4F7556}") = "Tyuiu.MironenkoSE.Sprint3.Task3.V10.Lib", "Tyuiu.MironenkoSE.Sprint3.Task3.V10.Lib\Tyuiu.MironenkoSE.Sprint3.Task3.V10.Lib.csproj", "{ADE51589-22B8-4CD6-8872-9EB0DC28D304}"
EndProject
Project("{2150E333-8FDC-42A3-9474-1A3956D46DE8}") = "Task 4", "Task 4", "{D53C3B22-65EE-424E-990E-5F9EE8CF4F69}"
EndProject
Project("{2150E333-8FDC-42A3-9474-1A3956D46DE8}") = "Task 6", "Task 6", "{FA571E35-9DB7-4151-B059-20802022F948}"
EndProject
Project("{2150E333-8FDC-42A3-9474-1A3956D46DE8}") = "Task 7", "Task 7", "{E1E8C431-919C-4868-9997-62091ACF554E}"
EndProject
Project("{9A19103F-16F7-4668-BE54-9A1E7A4F7556}") = "Tyuiu.MironenkoSE.Sprint3.Task4.V12.Lib", "Tyuiu.MironenkoSE.Sprint3.Task4.V12.Lib\Tyuiu.MironenkoSE.Sprint3.Task4.V12.Lib.csproj", "{E853F24A-9048-4915-BACB-99F13F972E37}"
EndProject
Project("{9A19103F-16F7-4668-BE54-9A1E7A4F7556}") = "Tyuiu.MironenkoSE.Sprint3.Task4.V12", "Tyuiu.MironenkoSE.Sprint3.Task4.V12\Tyuiu.MironenkoSE.Sprint3.Task4.V12.csproj", "{9FED32C6-75C4-45BC-9553-C5FD32546EF7}"
EndProject
Project("{9A19103F-16F7-4668-BE54-9A1E7A4F7556}") = "Tyuiu.MironenkoSE.Sprint3.Task4.V12.Test", "Tyuiu.MironenkoSE.Sprint3.Task4.V12.Test\Tyuiu.MironenkoSE.Sprint3.Task4.V12.Test.csproj", "{E5FE67B3-A53B-4F97-B5D1-311F6E15C8FD}"
EndProject
Project("{2150E333-8FDC-42A3-9474-1A3956D46DE8}") = "Task 5", "Task 5", "{A84484D2-F480-4A1E-9527-FB3FD17C34F8}"
EndProject
Project("{FAE04EC0-301F-11D3-BF4B-00C04F79EFBC}") = "Tyuiu.MironenkoSE.Sprint3.Task5.V16.Test", "Tyuiu.MironenkoSE.Sprint3.Task5.V16.Test\Tyuiu.MironenkoSE.Sprint3.Task5.V16.Test.csproj", "{D557D4A2-782D-4F7D-A1C3-4AA68EA78168}"
EndProject
Project("{FAE04EC0-301F-11D3-BF4B-00C04F79EFBC}") = "Tyuiu.MironenkoSE.Sprint3.Task5.V16", "Tyuiu.MironenkoSE.Sprint3.Task5.V16\Tyuiu.MironenkoSE.Sprint3.Task5.V16.csproj", "{A1A17AE5-D11D-47C6-86DA-589C920C7EBB}"
EndProject
Project("{FAE04EC0-301F-11D3-BF4B-00C04F79EFBC}") = "Tyuiu.MironenkoSE.Sprint3.Task5.V16.Lib", "Tyuiu.MironenkoSE.Sprint3.Task5.V16.Lib\Tyuiu.MironenkoSE.Sprint3.Task5.V16.Lib.csproj", "{60725820-9D8A-46FA-BD2C-A6E8D2EF33B9}"
EndProject
Project("{FAE04EC0-301F-11D3-BF4B-00C04F79EFBC}") = "Tyuiu.MironenkoSE.Sprint3.Task6.V6.Lib", "Tyuiu.MironenkoSE.Sprint3.Task6.V6.Lib\Tyuiu.MironenkoSE.Sprint3.Task6.V6.Lib.csproj", "{0B3C0EB5-D663-42C9-A913-B694C45CE273}"
EndProject
Project("{FAE04EC0-301F-11D3-BF4B-00C04F79EFBC}") = "Tyuiu.MironenkoSE.Sprint3.Task6.V6", "Tyuiu.MironenkoSE.Sprint3.Task6.V6\Tyuiu.MironenkoSE.Sprint3.Task6.V6.csproj", "{14DFD0B1-4DEE-41C4-962B-441BF6E3FAB9}"
EndProject
Project("{FAE04EC0-301F-11D3-BF4B-00C04F79EFBC}") = "Tyuiu.MironenkoSE.Sprint3.Task6.V6.Test", "Tyuiu.MironenkoSE.Sprint3.Task6.V6.Test\Tyuiu.MironenkoSE.Sprint3.Task6.V6.Test.csproj", "{ECE8BC66-C165-4FBE-8F85-121806F13EFC}"
EndProject
Project("{FAE04EC0-301F-11D3-BF4B-00C04F79EFBC}") = "Tyuiu.MironenkoSE.Sprint3.Task7.V26.Test", "Tyuiu.MironenkoSE.Sprint3.Task7.V26.Test\Tyuiu.MironenkoSE.Sprint3.Task7.V26.Test.csproj", "{855A2B7E-433E-471F-B86E-4D368EB152CC}"
EndProject
Project("{FAE04EC0-301F-11D3-BF4B-00C04F79EFBC}") = "Tyuiu.MironenkoSE.Sprint3.Task7.V26", "Tyuiu.MironenkoSE.Sprint3.Task7.V26\Tyuiu.MironenkoSE.Sprint3.Task7.V26.csproj", "{BF32AC08-A141-4FB6-A7BA-C5D3B11D51F6}"
EndProject
Project("{FAE04EC0-301F-11D3-BF4B-00C04F79EFBC}") = "Tyuiu.MironenkoSE.Sprint3.Task7.V26.Lib", "Tyuiu.MironenkoSE.Sprint3.Task7.V26.Lib\Tyuiu.MironenkoSE.Sprint3.Task7.V26.Lib.csproj", "{4225E458-DC35-46B8-BE41-356716A339C4}"
EndProject
Global
	GlobalSection(SolutionConfigurationPlatforms) = preSolution
		Debug|Any CPU = Debug|Any CPU
		Release|Any CPU = Release|Any CPU
	EndGlobalSection
	GlobalSection(ProjectConfigurationPlatforms) = postSolution
		{5214F86C-5A5C-4ACE-B556-E4732F2FC670}.Debug|Any CPU.ActiveCfg = Debug|Any CPU
		{5214F86C-5A5C-4ACE-B556-E4732F2FC670}.Debug|Any CPU.Build.0 = Debug|Any CPU
		{5214F86C-5A5C-4ACE-B556-E4732F2FC670}.Release|Any CPU.ActiveCfg = Release|Any CPU
		{5214F86C-5A5C-4ACE-B556-E4732F2FC670}.Release|Any CPU.Build.0 = Release|Any CPU
		{DDF6AE77-1C96-4672-BA86-3CC13373F08B}.Debug|Any CPU.ActiveCfg = Debug|Any CPU
		{DDF6AE77-1C96-4672-BA86-3CC13373F08B}.Debug|Any CPU.Build.0 = Debug|Any CPU
		{DDF6AE77-1C96-4672-BA86-3CC13373F08B}.Release|Any CPU.ActiveCfg = Release|Any CPU
		{DDF6AE77-1C96-4672-BA86-3CC13373F08B}.Release|Any CPU.Build.0 = Release|Any CPU
		{0D2C4712-17EC-4050-90BA-3F88F861A870}.Debug|Any CPU.ActiveCfg = Debug|Any CPU
		{0D2C4712-17EC-4050-90BA-3F88F861A870}.Debug|Any CPU.Build.0 = Debug|Any CPU
		{0D2C4712-17EC-4050-90BA-3F88F861A870}.Release|Any CPU.ActiveCfg = Release|Any CPU
		{0D2C4712-17EC-4050-90BA-3F88F861A870}.Release|Any CPU.Build.0 = Release|Any CPU
		{8DFFF6A2-6366-4E95-AC98-EC30730CDA15}.Debug|Any CPU.ActiveCfg = Debug|Any CPU
		{8DFFF6A2-6366-4E95-AC98-EC30730CDA15}.Debug|Any CPU.Build.0 = Debug|Any CPU
		{8DFFF6A2-6366-4E95-AC98-EC30730CDA15}.Release|Any CPU.ActiveCfg = Release|Any CPU
		{8DFFF6A2-6366-4E95-AC98-EC30730CDA15}.Release|Any CPU.Build.0 = Release|Any CPU
		{83711AC5-93A8-4A47-91C0-F4E071AB5309}.Debug|Any CPU.ActiveCfg = Debug|Any CPU
		{83711AC5-93A8-4A47-91C0-F4E071AB5309}.Debug|Any CPU.Build.0 = Debug|Any CPU
		{83711AC5-93A8-4A47-91C0-F4E071AB5309}.Release|Any CPU.ActiveCfg = Release|Any CPU
		{83711AC5-93A8-4A47-91C0-F4E071AB5309}.Release|Any CPU.Build.0 = Release|Any CPU
		{314A8037-2466-44D7-AEAA-A063C002264E}.Debug|Any CPU.ActiveCfg = Debug|Any CPU
		{314A8037-2466-44D7-AEAA-A063C002264E}.Debug|Any CPU.Build.0 = Debug|Any CPU
		{314A8037-2466-44D7-AEAA-A063C002264E}.Release|Any CPU.ActiveCfg = Release|Any CPU
		{314A8037-2466-44D7-AEAA-A063C002264E}.Release|Any CPU.Build.0 = Release|Any CPU
		{45CC5F24-3839-4D41-A691-5CA70D86FACE}.Debug|Any CPU.ActiveCfg = Debug|Any CPU
		{45CC5F24-3839-4D41-A691-5CA70D86FACE}.Debug|Any CPU.Build.0 = Debug|Any CPU
		{45CC5F24-3839-4D41-A691-5CA70D86FACE}.Release|Any CPU.ActiveCfg = Release|Any CPU
		{45CC5F24-3839-4D41-A691-5CA70D86FACE}.Release|Any CPU.Build.0 = Release|Any CPU
		{7D3BB808-44E5-49FC-B8E3-1B3CDCF457EE}.Debug|Any CPU.ActiveCfg = Debug|Any CPU
		{7D3BB808-44E5-49FC-B8E3-1B3CDCF457EE}.Debug|Any CPU.Build.0 = Debug|Any CPU
		{7D3BB808-44E5-49FC-B8E3-1B3CDCF457EE}.Release|Any CPU.ActiveCfg = Release|Any CPU
		{7D3BB808-44E5-49FC-B8E3-1B3CDCF457EE}.Release|Any CPU.Build.0 = Release|Any CPU
		{E376067D-74C8-4467-84D0-CFB27BAB5195}.Debug|Any CPU.ActiveCfg = Debug|Any CPU
		{E376067D-74C8-4467-84D0-CFB27BAB5195}.Debug|Any CPU.Build.0 = Debug|Any CPU
		{E376067D-74C8-4467-84D0-CFB27BAB5195}.Release|Any CPU.ActiveCfg = Release|Any CPU
		{E376067D-74C8-4467-84D0-CFB27BAB5195}.Release|Any CPU.Build.0 = Release|Any CPU
		{2D0F149A-84BE-47AC-8A39-6CDA34093A91}.Debug|Any CPU.ActiveCfg = Debug|Any CPU
		{2D0F149A-84BE-47AC-8A39-6CDA34093A91}.Debug|Any CPU.Build.0 = Debug|Any CPU
		{2D0F149A-84BE-47AC-8A39-6CDA34093A91}.Release|Any CPU.ActiveCfg = Release|Any CPU
		{2D0F149A-84BE-47AC-8A39-6CDA34093A91}.Release|Any CPU.Build.0 = Release|Any CPU
		{7EE1DFFC-4139-43B1-8B6A-48908C5F3086}.Debug|Any CPU.ActiveCfg = Debug|Any CPU
		{7EE1DFFC-4139-43B1-8B6A-48908C5F3086}.Debug|Any CPU.Build.0 = Debug|Any CPU
		{7EE1DFFC-4139-43B1-8B6A-48908C5F3086}.Release|Any CPU.ActiveCfg = Release|Any CPU
		{7EE1DFFC-4139-43B1-8B6A-48908C5F3086}.Release|Any CPU.Build.0 = Release|Any CPU
		{ADE51589-22B8-4CD6-8872-9EB0DC28D304}.Debug|Any CPU.ActiveCfg = Debug|Any CPU
		{ADE51589-22B8-4CD6-8872-9EB0DC28D304}.Debug|Any CPU.Build.0 = Debug|Any CPU
		{ADE51589-22B8-4CD6-8872-9EB0DC28D304}.Release|Any CPU.ActiveCfg = Release|Any CPU
		{ADE51589-22B8-4CD6-8872-9EB0DC28D304}.Release|Any CPU.Build.0 = Release|Any CPU
		{E853F24A-9048-4915-BACB-99F13F972E37}.Debug|Any CPU.ActiveCfg = Debug|Any CPU
		{E853F24A-9048-4915-BACB-99F13F972E37}.Debug|Any CPU.Build.0 = Debug|Any CPU
		{E853F24A-9048-4915-BACB-99F13F972E37}.Release|Any CPU.ActiveCfg = Release|Any CPU
		{E853F24A-9048-4915-BACB-99F13F972E37}.Release|Any CPU.Build.0 = Release|Any CPU
		{9FED32C6-75C4-45BC-9553-C5FD32546EF7}.Debug|Any CPU.ActiveCfg = Debug|Any CPU
		{9FED32C6-75C4-45BC-9553-C5FD32546EF7}.Debug|Any CPU.Build.0 = Debug|Any CPU
		{9FED32C6-75C4-45BC-9553-C5FD32546EF7}.Release|Any CPU.ActiveCfg = Release|Any CPU
		{9FED32C6-75C4-45BC-9553-C5FD32546EF7}.Release|Any CPU.Build.0 = Release|Any CPU
		{E5FE67B3-A53B-4F97-B5D1-311F6E15C8FD}.Debug|Any CPU.ActiveCfg = Debug|Any CPU
		{E5FE67B3-A53B-4F97-B5D1-311F6E15C8FD}.Debug|Any CPU.Build.0 = Debug|Any CPU
		{E5FE67B3-A53B-4F97-B5D1-311F6E15C8FD}.Release|Any CPU.ActiveCfg = Release|Any CPU
		{E5FE67B3-A53B-4F97-B5D1-311F6E15C8FD}.Release|Any CPU.Build.0 = Release|Any CPU
		{D557D4A2-782D-4F7D-A1C3-4AA68EA78168}.Debug|Any CPU.ActiveCfg = Debug|Any CPU
		{D557D4A2-782D-4F7D-A1C3-4AA68EA78168}.Debug|Any CPU.Build.0 = Debug|Any CPU
		{D557D4A2-782D-4F7D-A1C3-4AA68EA78168}.Release|Any CPU.ActiveCfg = Release|Any CPU
		{D557D4A2-782D-4F7D-A1C3-4AA68EA78168}.Release|Any CPU.Build.0 = Release|Any CPU
		{A1A17AE5-D11D-47C6-86DA-589C920C7EBB}.Debug|Any CPU.ActiveCfg = Debug|Any CPU
		{A1A17AE5-D11D-47C6-86DA-589C920C7EBB}.Debug|Any CPU.Build.0 = Debug|Any CPU
		{A1A17AE5-D11D-47C6-86DA-589C920C7EBB}.Release|Any CPU.ActiveCfg = Release|Any CPU
		{A1A17AE5-D11D-47C6-86DA-589C920C7EBB}.Release|Any CPU.Build.0 = Release|Any CPU
		{60725820-9D8A-46FA-BD2C-A6E8D2EF33B9}.Debug|Any CPU.ActiveCfg = Debug|Any CPU
		{60725820-9D8A-46FA-BD2C-A6E8D2EF33B9}.Debug|Any CPU.Build.0 = Debug|Any CPU
		{60725820-9D8A-46FA-BD2C-A6E8D2EF33B9}.Release|Any CPU.ActiveCfg = Release|Any CPU
		{60725820-9D8A-46FA-BD2C-A6E8D2EF33B9}.Release|Any CPU.Build.0 = Release|Any CPU
		{0B3C0EB5-D663-42C9-A913-B694C45CE273}.Debug|Any CPU.ActiveCfg = Debug|Any CPU
		{0B3C0EB5-D663-42C9-A913-B694C45CE273}.Debug|Any CPU.Build.0 = Debug|Any CPU
		{0B3C0EB5-D663-42C9-A913-B694C45CE273}.Release|Any CPU.ActiveCfg = Release|Any CPU
		{0B3C0EB5-D663-42C9-A913-B694C45CE273}.Release|Any CPU.Build.0 = Release|Any CPU
		{14DFD0B1-4DEE-41C4-962B-441BF6E3FAB9}.Debug|Any CPU.ActiveCfg = Debug|Any CPU
		{14DFD0B1-4DEE-41C4-962B-441BF6E3FAB9}.Debug|Any CPU.Build.0 = Debug|Any CPU
		{14DFD0B1-4DEE-41C4-962B-441BF6E3FAB9}.Release|Any CPU.ActiveCfg = Release|Any CPU
		{14DFD0B1-4DEE-41C4-962B-441BF6E3FAB9}.Release|Any CPU.Build.0 = Release|Any CPU
		{ECE8BC66-C165-4FBE-8F85-121806F13EFC}.Debug|Any CPU.ActiveCfg = Debug|Any CPU
		{ECE8BC66-C165-4FBE-8F85-121806F13EFC}.Debug|Any CPU.Build.0 = Debug|Any CPU
		{ECE8BC66-C165-4FBE-8F85-121806F13EFC}.Release|Any CPU.ActiveCfg = Release|Any CPU
		{ECE8BC66-C165-4FBE-8F85-121806F13EFC}.Release|Any CPU.Build.0 = Release|Any CPU
		{855A2B7E-433E-471F-B86E-4D368EB152CC}.Debug|Any CPU.ActiveCfg = Debug|Any CPU
		{855A2B7E-433E-471F-B86E-4D368EB152CC}.Debug|Any CPU.Build.0 = Debug|Any CPU
		{855A2B7E-433E-471F-B86E-4D368EB152CC}.Release|Any CPU.ActiveCfg = Release|Any CPU
		{855A2B7E-433E-471F-B86E-4D368EB152CC}.Release|Any CPU.Build.0 = Release|Any CPU
		{BF32AC08-A141-4FB6-A7BA-C5D3B11D51F6}.Debug|Any CPU.ActiveCfg = Debug|Any CPU
		{BF32AC08-A141-4FB6-A7BA-C5D3B11D51F6}.Debug|Any CPU.Build.0 = Debug|Any CPU
		{BF32AC08-A141-4FB6-A7BA-C5D3B11D51F6}.Release|Any CPU.ActiveCfg = Release|Any CPU
		{BF32AC08-A141-4FB6-A7BA-C5D3B11D51F6}.Release|Any CPU.Build.0 = Release|Any CPU
		{4225E458-DC35-46B8-BE41-356716A339C4}.Debug|Any CPU.ActiveCfg = Debug|Any CPU
		{4225E458-DC35-46B8-BE41-356716A339C4}.Debug|Any CPU.Build.0 = Debug|Any CPU
		{4225E458-DC35-46B8-BE41-356716A339C4}.Release|Any CPU.ActiveCfg = Release|Any CPU
		{4225E458-DC35-46B8-BE41-356716A339C4}.Release|Any CPU.Build.0 = Release|Any CPU
	EndGlobalSection
	GlobalSection(SolutionProperties) = preSolution
		HideSolutionNode = FALSE
	EndGlobalSection
	GlobalSection(NestedProjects) = preSolution
		{5214F86C-5A5C-4ACE-B556-E4732F2FC670} = {0826E279-4CFA-4C95-8732-C8EB018D0705}
		{DDF6AE77-1C96-4672-BA86-3CC13373F08B} = {0826E279-4CFA-4C95-8732-C8EB018D0705}
		{0D2C4712-17EC-4050-90BA-3F88F861A870} = {0826E279-4CFA-4C95-8732-C8EB018D0705}
		{8DFFF6A2-6366-4E95-AC98-EC30730CDA15} = {C24EE2A8-C63B-45DC-B81C-90C0B353C24A}
		{83711AC5-93A8-4A47-91C0-F4E071AB5309} = {C24EE2A8-C63B-45DC-B81C-90C0B353C24A}
		{314A8037-2466-44D7-AEAA-A063C002264E} = {C24EE2A8-C63B-45DC-B81C-90C0B353C24A}
		{45CC5F24-3839-4D41-A691-5CA70D86FACE} = {4724840B-E389-4264-BF62-71062B2F3A62}
		{7D3BB808-44E5-49FC-B8E3-1B3CDCF457EE} = {4724840B-E389-4264-BF62-71062B2F3A62}
		{E376067D-74C8-4467-84D0-CFB27BAB5195} = {4724840B-E389-4264-BF62-71062B2F3A62}
		{2D0F149A-84BE-47AC-8A39-6CDA34093A91} = {0F41C2BC-540B-41CD-AB58-F849ABA84EAB}
		{7EE1DFFC-4139-43B1-8B6A-48908C5F3086} = {0F41C2BC-540B-41CD-AB58-F849ABA84EAB}
		{ADE51589-22B8-4CD6-8872-9EB0DC28D304} = {0F41C2BC-540B-41CD-AB58-F849ABA84EAB}
		{E853F24A-9048-4915-BACB-99F13F972E37} = {D53C3B22-65EE-424E-990E-5F9EE8CF4F69}
		{9FED32C6-75C4-45BC-9553-C5FD32546EF7} = {D53C3B22-65EE-424E-990E-5F9EE8CF4F69}
		{E5FE67B3-A53B-4F97-B5D1-311F6E15C8FD} = {D53C3B22-65EE-424E-990E-5F9EE8CF4F69}
		{D557D4A2-782D-4F7D-A1C3-4AA68EA78168} = {A84484D2-F480-4A1E-9527-FB3FD17C34F8}
		{A1A17AE5-D11D-47C6-86DA-589C920C7EBB} = {A84484D2-F480-4A1E-9527-FB3FD17C34F8}
		{60725820-9D8A-46FA-BD2C-A6E8D2EF33B9} = {A84484D2-F480-4A1E-9527-FB3FD17C34F8}
		{0B3C0EB5-D663-42C9-A913-B694C45CE273} = {FA571E35-9DB7-4151-B059-20802022F948}
		{14DFD0B1-4DEE-41C4-962B-441BF6E3FAB9} = {FA571E35-9DB7-4151-B059-20802022F948}
		{ECE8BC66-C165-4FBE-8F85-121806F13EFC} = {FA571E35-9DB7-4151-B059-20802022F948}
		{855A2B7E-433E-471F-B86E-4D368EB152CC} = {E1E8C431-919C-4868-9997-62091ACF554E}
		{BF32AC08-A141-4FB6-A7BA-C5D3B11D51F6} = {E1E8C431-919C-4868-9997-62091ACF554E}
		{4225E458-DC35-46B8-BE41-356716A339C4} = {E1E8C431-919C-4868-9997-62091ACF554E}
	EndGlobalSection
	GlobalSection(ExtensibilityGlobals) = postSolution
		SolutionGuid = {8B4E8A90-FBDC-4569-A7F3-2E8C597D1CB6}
	EndGlobalSection
EndGlobal
