
Microsoft Visual Studio Solution File, Format Version 12.00
# Visual Studio Version 17
VisualStudioVersion = 17.11.35312.102
MinimumVisualStudioVersion = 10.0.40219.1
Project("{2150E333-8FDC-42A3-9474-1A3956D46DE8}") = "Task 0", "Task 0", "{0826E279-4CFA-4C95-8732-C8EB018D0705}"
EndProject
Project("{FAE04EC0-301F-11D3-BF4B-00C04F79EFBC}") = "Tyuiu.MironenkoSE.Sprint3.Task0.V23.Lib", "Tyuiu.MironenkoSE.Sprint3.Task0.V23.Lib\Tyuiu.MironenkoSE.Sprint3.Task0.V23.Lib.csproj", "{5214F86C-5A5C-4ACE-B556-E4732F2FC670}"
EndProject
Project("{FAE04EC0-301F-11D3-BF4B-00C04F79EFBC}") = "Tyuiu.MironenkoSE.Sprint3.Task0.V23", "Tyuiu.MironenkoSE.Sprint3.Task0.V23\Tyuiu.MironenkoSE.Sprint3.Task0.V23.csproj", "{DDF6AE77-1C96-4672-BA86-3CC13373F08B}"
EndProject
Project("{FAE04EC0-301F-11D3-BF4B-00C04F79EFBC}") = "Tyuiu.MironenkoSE.Sprint3.Task0.V23.Test", "Tyuiu.MironenkoSE.Sprint3.Task0.V23.Test\Tyuiu.MironenkoSE.Sprint3.Task0.V23.Test.csproj", "{0D2C4712-17EC-4050-90BA-3F88F861A870}"
EndProject
Global
	GlobalSection(SolutionConfigurationPlatforms) = preSolution
		Debug|Any CPU = Debug|Any CPU
		Release|Any CPU = Release|Any CPU
	EndGlobalSection
	GlobalSection(ProjectConfigurationPlatforms) = postSolution
		{5214F86C-5A5C-4ACE-B556-E4732F2FC670}.Debug|Any CPU.ActiveCfg = Debug|Any CPU
		{5214F86C-5A5C-4ACE-B556-E4732F2FC670}.Debug|Any CPU.Build.0 = Debug|Any CPU
		{5214F86C-5A5C-4ACE-B556-E4732F2FC670}.Release|Any CPU.ActiveCfg = Release|Any CPU
		{5214F86C-5A5C-4ACE-B556-E4732F2FC670}.Release|Any CPU.Build.0 = Release|Any CPU
		{DDF6AE77-1C96-4672-BA86-3CC13373F08B}.Debug|Any CPU.ActiveCfg = Debug|Any CPU
		{DDF6AE77-1C96-4672-BA86-3CC13373F08B}.Debug|Any CPU.Build.0 = Debug|Any CPU
		{DDF6AE77-1C96-4672-BA86-3CC13373F08B}.Release|Any CPU.ActiveCfg = Release|Any CPU
		{DDF6AE77-1C96-4672-BA86-3CC13373F08B}.Release|Any CPU.Build.0 = Release|Any CPU
		{0D2C4712-17EC-4050-90BA-3F88F861A870}.Debug|Any CPU.ActiveCfg = Debug|Any CPU
		{0D2C4712-17EC-4050-90BA-3F88F861A870}.Debug|Any CPU.Build.0 = Debug|Any CPU
		{0D2C4712-17EC-4050-90BA-3F88F861A870}.Release|Any CPU.ActiveCfg = Release|Any CPU
		{0D2C4712-17EC-4050-90BA-3F88F861A870}.Release|Any CPU.Build.0 = Release|Any CPU
	EndGlobalSection
	GlobalSection(SolutionProperties) = preSolution
		HideSolutionNode = FALSE
	EndGlobalSection
	GlobalSection(NestedProjects) = preSolution
		{5214F86C-5A5C-4ACE-B556-E4732F2FC670} = {0826E279-4CFA-4C95-8732-C8EB018D0705}
		{DDF6AE77-1C96-4672-BA86-3CC13373F08B} = {0826E279-4CFA-4C95-8732-C8EB018D0705}
		{0D2C4712-17EC-4050-90BA-3F88F861A870} = {0826E279-4CFA-4C95-8732-C8EB018D0705}
	EndGlobalSection
	GlobalSection(ExtensibilityGlobals) = postSolution
		SolutionGuid = {8B4E8A90-FBDC-4569-A7F3-2E8C597D1CB6}
	EndGlobalSection
EndGlobal
